
Microsoft Visual Studio Solution File, Format Version 12.00
# Visual Studio Version 17
VisualStudioVersion = 17.10.35122.118
MinimumVisualStudioVersion = 10.0.40219.1
Project("{FAE04EC0-301F-11D3-BF4B-00C04F79EFBC}") = "New Programming Project", "New Programming Project\New Programming Project.csproj", "{D261ACB3-0B60-48E6-9F69-0D6A08A708A2}"
EndProject
Global
	GlobalSection(SolutionConfigurationPlatforms) = preSolution
		Debug|Any CPU = Debug|Any CPU
		Release|Any CPU = Release|Any CPU
	EndGlobalSection
	GlobalSection(ProjectConfigurationPlatforms) = postSolution
		{D261ACB3-0B60-48E6-9F69-0D6A08A708A2}.Debug|Any CPU.ActiveCfg = Debug|Any CPU
		{D261ACB3-0B60-48E6-9F69-0D6A08A708A2}.Debug|Any CPU.Build.0 = Debug|Any CPU
		{D261ACB3-0B60-48E6-9F69-0D6A08A708A2}.Release|Any CPU.ActiveCfg = Release|Any CPU
		{D261ACB3-0B60-48E6-9F69-0D6A08A708A2}.Release|Any CPU.Build.0 = Release|Any CPU
	EndGlobalSection
	GlobalSection(SolutionProperties) = preSolution
		HideSolutionNode = FALSE
	EndGlobalSection
	GlobalSection(ExtensibilityGlobals) = postSolution
		SolutionGuid = {FF0AD9F6-6CEA-4F68-88E7-8A08606F3AFC}
	EndGlobalSection
EndGlobal
